
Microsoft Visual Studio Solution File, Format Version 12.00
# Visual Studio Version 17
VisualStudioVersion = 17.9.34728.123
MinimumVisualStudioVersion = 10.0.40219.1
Project("{2150E333-8FDC-42A3-9474-1A3956D46DE8}") = "Services", "Services", "{BE891192-A70E-4DFE-B2AD-D0C380959801}"
EndProject
Project("{2150E333-8FDC-42A3-9474-1A3956D46DE8}") = "Catalog", "Catalog", "{49B22F94-4E30-473E-8320-2DD892E821FD}"
EndProject
Project("{9A19103F-16F7-4668-BE54-9A1E7A4F7556}") = "RegistaShop.Catalog", "Services\Catalog\RegistaShop.Catalog\RegistaShop.Catalog.csproj", "{6D76E96A-7776-417B-AA0A-017BE14FEE64}"
EndProject
Project("{2150E333-8FDC-42A3-9474-1A3956D46DE8}") = "Discount", "Discount", "{4E048C4D-2127-4DC2-A016-307A30F451AB}"
EndProject
Project("{9A19103F-16F7-4668-BE54-9A1E7A4F7556}") = "RegistaShop.Discount", "Services\Discount\RegistaShop.Discount\RegistaShop.Discount.csproj", "{F90B552E-A4B1-4C4E-B1C4-E88F3FA363CA}"
EndProject
Project("{2150E333-8FDC-42A3-9474-1A3956D46DE8}") = "Order", "Order", "{350D835B-F305-40F0-9C76-912A44867352}"
EndProject
Project("{2150E333-8FDC-42A3-9474-1A3956D46DE8}") = "Core", "Core", "{7DAF6C48-EBA4-415B-916E-82A6DBD329DF}"
EndProject
Project("{2150E333-8FDC-42A3-9474-1A3956D46DE8}") = "Infrastructure", "Infrastructure", "{9027296A-34CC-4D2C-96D8-D9A3496D2B84}"
EndProject
Project("{2150E333-8FDC-42A3-9474-1A3956D46DE8}") = "Presentation", "Presentation", "{85BA7EE8-2A6C-490D-8416-A5CEF81368AF}"
EndProject
Project("{9A19103F-16F7-4668-BE54-9A1E7A4F7556}") = "RegistaShop.Order.Domain", "Services\Order\Core\RegistaShop.Order.Domain\RegistaShop.Order.Domain.csproj", "{3CB1E068-D961-462B-84AC-50EBD548CBF2}"
EndProject
Project("{9A19103F-16F7-4668-BE54-9A1E7A4F7556}") = "RegistaShop.Order.Application", "Services\Order\Core\RegistaShop.Order.Application\RegistaShop.Order.Application.csproj", "{D3EF1708-28D3-4F2D-8726-87EB9221486A}"
EndProject
Project("{9A19103F-16F7-4668-BE54-9A1E7A4F7556}") = "RegistaShop.Order.Persistence", "Services\Order\Infrastructure\RegistaShop.Order.Persistence\RegistaShop.Order.Persistence.csproj", "{0734A060-B7DA-4260-B1DB-8493A53097B9}"
EndProject
Project("{9A19103F-16F7-4668-BE54-9A1E7A4F7556}") = "RegistaShop.Order.WebApi", "Services\Order\Presentation\RegistaShop.Order.WebApi\RegistaShop.Order.WebApi.csproj", "{8A128586-B688-4092-942D-ECE7DC463435}"
EndProject
Project("{2150E333-8FDC-42A3-9474-1A3956D46DE8}") = "IdentityServer", "IdentityServer", "{F4ED326A-E4FF-4579-9B31-BC803B1111A6}"
EndProject
Project("{9A19103F-16F7-4668-BE54-9A1E7A4F7556}") = "RegistaShop.IdentityServer", "IdentityServer\RegistaShop.IdentityServer\RegistaShop.IdentityServer.csproj", "{64F488B4-2B89-4371-A29F-4D1BE5AFC929}"
EndProject
Project("{2150E333-8FDC-42A3-9474-1A3956D46DE8}") = "Requirements", "Requirements", "{FA6BA230-A8DE-484A-9592-83711CFFF9E9}"
	ProjectSection(SolutionItems) = preProject
		IdentityServerVersionErrorSolution.txt = IdentityServerVersionErrorSolution.txt
		PortainerCmd.txt = PortainerCmd.txt
		PortNumbers.txt = PortNumbers.txt
	EndProjectSection
EndProject
Global
	GlobalSection(SolutionConfigurationPlatforms) = preSolution
		Debug|Any CPU = Debug|Any CPU
		Release|Any CPU = Release|Any CPU
	EndGlobalSection
	GlobalSection(ProjectConfigurationPlatforms) = postSolution
		{6D76E96A-7776-417B-AA0A-017BE14FEE64}.Debug|Any CPU.ActiveCfg = Debug|Any CPU
		{6D76E96A-7776-417B-AA0A-017BE14FEE64}.Debug|Any CPU.Build.0 = Debug|Any CPU
		{6D76E96A-7776-417B-AA0A-017BE14FEE64}.Release|Any CPU.ActiveCfg = Release|Any CPU
		{6D76E96A-7776-417B-AA0A-017BE14FEE64}.Release|Any CPU.Build.0 = Release|Any CPU
		{F90B552E-A4B1-4C4E-B1C4-E88F3FA363CA}.Debug|Any CPU.ActiveCfg = Debug|Any CPU
		{F90B552E-A4B1-4C4E-B1C4-E88F3FA363CA}.Debug|Any CPU.Build.0 = Debug|Any CPU
		{F90B552E-A4B1-4C4E-B1C4-E88F3FA363CA}.Release|Any CPU.ActiveCfg = Release|Any CPU
		{F90B552E-A4B1-4C4E-B1C4-E88F3FA363CA}.Release|Any CPU.Build.0 = Release|Any CPU
		{3CB1E068-D961-462B-84AC-50EBD548CBF2}.Debug|Any CPU.ActiveCfg = Debug|Any CPU
		{3CB1E068-D961-462B-84AC-50EBD548CBF2}.Debug|Any CPU.Build.0 = Debug|Any CPU
		{3CB1E068-D961-462B-84AC-50EBD548CBF2}.Release|Any CPU.ActiveCfg = Release|Any CPU
		{3CB1E068-D961-462B-84AC-50EBD548CBF2}.Release|Any CPU.Build.0 = Release|Any CPU
		{D3EF1708-28D3-4F2D-8726-87EB9221486A}.Debug|Any CPU.ActiveCfg = Debug|Any CPU
		{D3EF1708-28D3-4F2D-8726-87EB9221486A}.Debug|Any CPU.Build.0 = Debug|Any CPU
		{D3EF1708-28D3-4F2D-8726-87EB9221486A}.Release|Any CPU.ActiveCfg = Release|Any CPU
		{D3EF1708-28D3-4F2D-8726-87EB9221486A}.Release|Any CPU.Build.0 = Release|Any CPU
		{0734A060-B7DA-4260-B1DB-8493A53097B9}.Debug|Any CPU.ActiveCfg = Debug|Any CPU
		{0734A060-B7DA-4260-B1DB-8493A53097B9}.Debug|Any CPU.Build.0 = Debug|Any CPU
		{0734A060-B7DA-4260-B1DB-8493A53097B9}.Release|Any CPU.ActiveCfg = Release|Any CPU
		{0734A060-B7DA-4260-B1DB-8493A53097B9}.Release|Any CPU.Build.0 = Release|Any CPU
		{8A128586-B688-4092-942D-ECE7DC463435}.Debug|Any CPU.ActiveCfg = Debug|Any CPU
		{8A128586-B688-4092-942D-ECE7DC463435}.Debug|Any CPU.Build.0 = Debug|Any CPU
		{8A128586-B688-4092-942D-ECE7DC463435}.Release|Any CPU.ActiveCfg = Release|Any CPU
		{8A128586-B688-4092-942D-ECE7DC463435}.Release|Any CPU.Build.0 = Release|Any CPU
		{64F488B4-2B89-4371-A29F-4D1BE5AFC929}.Debug|Any CPU.ActiveCfg = Debug|Any CPU
		{64F488B4-2B89-4371-A29F-4D1BE5AFC929}.Debug|Any CPU.Build.0 = Debug|Any CPU
		{64F488B4-2B89-4371-A29F-4D1BE5AFC929}.Release|Any CPU.ActiveCfg = Release|Any CPU
		{64F488B4-2B89-4371-A29F-4D1BE5AFC929}.Release|Any CPU.Build.0 = Release|Any CPU
	EndGlobalSection
	GlobalSection(SolutionProperties) = preSolution
		HideSolutionNode = FALSE
	EndGlobalSection
	GlobalSection(NestedProjects) = preSolution
		{49B22F94-4E30-473E-8320-2DD892E821FD} = {BE891192-A70E-4DFE-B2AD-D0C380959801}
		{6D76E96A-7776-417B-AA0A-017BE14FEE64} = {49B22F94-4E30-473E-8320-2DD892E821FD}
		{4E048C4D-2127-4DC2-A016-307A30F451AB} = {BE891192-A70E-4DFE-B2AD-D0C380959801}
		{F90B552E-A4B1-4C4E-B1C4-E88F3FA363CA} = {4E048C4D-2127-4DC2-A016-307A30F451AB}
		{350D835B-F305-40F0-9C76-912A44867352} = {BE891192-A70E-4DFE-B2AD-D0C380959801}
		{7DAF6C48-EBA4-415B-916E-82A6DBD329DF} = {350D835B-F305-40F0-9C76-912A44867352}
		{9027296A-34CC-4D2C-96D8-D9A3496D2B84} = {350D835B-F305-40F0-9C76-912A44867352}
		{85BA7EE8-2A6C-490D-8416-A5CEF81368AF} = {350D835B-F305-40F0-9C76-912A44867352}
		{3CB1E068-D961-462B-84AC-50EBD548CBF2} = {7DAF6C48-EBA4-415B-916E-82A6DBD329DF}
		{D3EF1708-28D3-4F2D-8726-87EB9221486A} = {7DAF6C48-EBA4-415B-916E-82A6DBD329DF}
		{0734A060-B7DA-4260-B1DB-8493A53097B9} = {9027296A-34CC-4D2C-96D8-D9A3496D2B84}
		{8A128586-B688-4092-942D-ECE7DC463435} = {85BA7EE8-2A6C-490D-8416-A5CEF81368AF}
		{64F488B4-2B89-4371-A29F-4D1BE5AFC929} = {F4ED326A-E4FF-4579-9B31-BC803B1111A6}
	EndGlobalSection
	GlobalSection(ExtensibilityGlobals) = postSolution
		SolutionGuid = {675EF04C-D393-48AE-8802-652C261C6055}
	EndGlobalSection
EndGlobal
