
Microsoft Visual Studio Solution File, Format Version 12.00
# Visual Studio Version 17
VisualStudioVersion = 17.9.34728.123
MinimumVisualStudioVersion = 10.0.40219.1
Project("{2150E333-8FDC-42A3-9474-1A3956D46DE8}") = "Services", "Services", "{BE891192-A70E-4DFE-B2AD-D0C380959801}"
EndProject
Project("{2150E333-8FDC-42A3-9474-1A3956D46DE8}") = "Catalog", "Catalog", "{49B22F94-4E30-473E-8320-2DD892E821FD}"
EndProject
Project("{9A19103F-16F7-4668-BE54-9A1E7A4F7556}") = "RegistaShop.Catalog", "Services\Catalog\RegistaShop.Catalog\RegistaShop.Catalog.csproj", "{6D76E96A-7776-417B-AA0A-017BE14FEE64}"
EndProject
Project("{2150E333-8FDC-42A3-9474-1A3956D46DE8}") = "Discount", "Discount", "{4E048C4D-2127-4DC2-A016-307A30F451AB}"
EndProject
Project("{9A19103F-16F7-4668-BE54-9A1E7A4F7556}") = "RegistaShop.Discount", "Services\Discount\RegistaShop.Discount\RegistaShop.Discount.csproj", "{F90B552E-A4B1-4C4E-B1C4-E88F3FA363CA}"
EndProject
Project("{2150E333-8FDC-42A3-9474-1A3956D46DE8}") = "Order", "Order", "{350D835B-F305-40F0-9C76-912A44867352}"
EndProject
Project("{2150E333-8FDC-42A3-9474-1A3956D46DE8}") = "Core", "Core", "{7DAF6C48-EBA4-415B-916E-82A6DBD329DF}"
EndProject
Project("{2150E333-8FDC-42A3-9474-1A3956D46DE8}") = "Infrastructure", "Infrastructure", "{9027296A-34CC-4D2C-96D8-D9A3496D2B84}"
EndProject
Project("{2150E333-8FDC-42A3-9474-1A3956D46DE8}") = "Presentation", "Presentation", "{85BA7EE8-2A6C-490D-8416-A5CEF81368AF}"
EndProject
Project("{9A19103F-16F7-4668-BE54-9A1E7A4F7556}") = "RegistaShop.Order.Domain", "Services\Order\Core\RegistaShop.Order.Domain\RegistaShop.Order.Domain.csproj", "{3CB1E068-D961-462B-84AC-50EBD548CBF2}"
EndProject
Project("{9A19103F-16F7-4668-BE54-9A1E7A4F7556}") = "RegistaShop.Order.Application", "Services\Order\Core\RegistaShop.Order.Application\RegistaShop.Order.Application.csproj", "{D3EF1708-28D3-4F2D-8726-87EB9221486A}"
EndProject
Project("{9A19103F-16F7-4668-BE54-9A1E7A4F7556}") = "RegistaShop.Order.Persistence", "Services\Order\Infrastructure\RegistaShop.Order.Persistence\RegistaShop.Order.Persistence.csproj", "{0734A060-B7DA-4260-B1DB-8493A53097B9}"
EndProject
Project("{9A19103F-16F7-4668-BE54-9A1E7A4F7556}") = "RegistaShop.Order.WebApi", "Services\Order\Presentation\RegistaShop.Order.WebApi\RegistaShop.Order.WebApi.csproj", "{8A128586-B688-4092-942D-ECE7DC463435}"
EndProject
Project("{2150E333-8FDC-42A3-9474-1A3956D46DE8}") = "IdentityServer", "IdentityServer", "{F4ED326A-E4FF-4579-9B31-BC803B1111A6}"
EndProject
Project("{9A19103F-16F7-4668-BE54-9A1E7A4F7556}") = "RegistaShop.IdentityServer", "IdentityServer\RegistaShop.IdentityServer\RegistaShop.IdentityServer.csproj", "{64F488B4-2B89-4371-A29F-4D1BE5AFC929}"
EndProject
Project("{2150E333-8FDC-42A3-9474-1A3956D46DE8}") = "Requirements", "Requirements", "{FA6BA230-A8DE-484A-9592-83711CFFF9E9}"
	ProjectSection(SolutionItems) = preProject
		IdentityServerVersionErrorSolution.txt = IdentityServerVersionErrorSolution.txt
		PortainerCmd.txt = PortainerCmd.txt
		PortNumbers.txt = PortNumbers.txt
	EndProjectSection
EndProject
Project("{2150E333-8FDC-42A3-9474-1A3956D46DE8}") = "Cargo", "Cargo", "{02EA681E-C7D8-13C7-8484-4AC65E1B71E8}"
EndProject
Project("{FAE04EC0-301F-11D3-BF4B-00C04F79EFBC}") = "RegistaShop.Cargo.EntityLayer", "Services\Cargo\RegistaShop.Cargo.EntityLayer\RegistaShop.Cargo.EntityLayer.csproj", "{933D141E-4F16-4ECA-802C-0DA9C6A6749A}"
EndProject
Project("{FAE04EC0-301F-11D3-BF4B-00C04F79EFBC}") = "RegistaShop.Cargo.BusinessLayer", "Services\Cargo\RegistaShop.Cargo.BusinessLayer\RegistaShop.Cargo.BusinessLayer.csproj", "{B4E833D7-C4C3-4593-8A0D-89387B52DFD2}"
EndProject
Project("{FAE04EC0-301F-11D3-BF4B-00C04F79EFBC}") = "RegistaShop.Cargo.DataAccessLayer", "Services\Cargo\RegistaShop.Cargo.DataAccessLayer\RegistaShop.Cargo.DataAccessLayer.csproj", "{F0662519-1271-4CED-99FA-32472E3F8707}"
EndProject
Project("{FAE04EC0-301F-11D3-BF4B-00C04F79EFBC}") = "RegistaShop.Cargo.DtoLayer", "Services\Cargo\RegistaShop.Cargo.DtoLayer\RegistaShop.Cargo.DtoLayer.csproj", "{0C2ADBB3-1E4B-4F4C-8AFD-971F77CF2434}"
EndProject
Project("{FAE04EC0-301F-11D3-BF4B-00C04F79EFBC}") = "RegistaShop.Cargo.WebApi", "Services\Cargo\RegistaShop.Cargo.WebApi\RegistaShop.Cargo.WebApi.csproj", "{EACBA7F8-75F3-47A4-8593-539057532EEC}"
EndProject
Project("{2150E333-8FDC-42A3-9474-1A3956D46DE8}") = "Basket", "Basket", "{F1A6EE43-2615-4D87-A682-4863D85062F5}"
EndProject
Project("{FAE04EC0-301F-11D3-BF4B-00C04F79EFBC}") = "RegistaShop.Basket", "Services\Basket\RegistaShop.Basket\RegistaShop.Basket.csproj", "{7CD29A67-2555-458C-82E7-4FEF91967C5D}"
EndProject
Project("{2150E333-8FDC-42A3-9474-1A3956D46DE8}") = "Frontends", "Frontends", "{5C8AFD03-EE77-4B3E-823C-CCD641D09028}"
EndProject
Project("{FAE04EC0-301F-11D3-BF4B-00C04F79EFBC}") = "RegistaShop.WebUI", "Frontends\RegistaShop.WebUI\RegistaShop.WebUI.csproj", "{9D462343-902F-4917-9C08-EB7C8FA2EE1B}"
EndProject
Project("{FAE04EC0-301F-11D3-BF4B-00C04F79EFBC}") = "RegistaShop.DtoLayer", "FrontEnds\RegistaShop.DtoLayer\RegistaShop.DtoLayer.csproj", "{58081B4E-6214-44EB-A4D3-FD225C7D72DC}"
EndProject
Project("{2150E333-8FDC-42A3-9474-1A3956D46DE8}") = "Comment", "Comment", "{87A28318-E3B0-4D64-9CFE-2A0D173B91D6}"
EndProject
Project("{FAE04EC0-301F-11D3-BF4B-00C04F79EFBC}") = "RegistaShop.Comment", "Services\Comment\RegistaShop.Comment\RegistaShop.Comment.csproj", "{3AADB385-FE04-40C8-8A24-4F8F89CE16F1}"
EndProject
Global
	GlobalSection(SolutionConfigurationPlatforms) = preSolution
		Debug|Any CPU = Debug|Any CPU
		Release|Any CPU = Release|Any CPU
	EndGlobalSection
	GlobalSection(ProjectConfigurationPlatforms) = postSolution
		{6D76E96A-7776-417B-AA0A-017BE14FEE64}.Debug|Any CPU.ActiveCfg = Debug|Any CPU
		{6D76E96A-7776-417B-AA0A-017BE14FEE64}.Debug|Any CPU.Build.0 = Debug|Any CPU
		{6D76E96A-7776-417B-AA0A-017BE14FEE64}.Release|Any CPU.ActiveCfg = Release|Any CPU
		{6D76E96A-7776-417B-AA0A-017BE14FEE64}.Release|Any CPU.Build.0 = Release|Any CPU
		{F90B552E-A4B1-4C4E-B1C4-E88F3FA363CA}.Debug|Any CPU.ActiveCfg = Debug|Any CPU
		{F90B552E-A4B1-4C4E-B1C4-E88F3FA363CA}.Debug|Any CPU.Build.0 = Debug|Any CPU
		{F90B552E-A4B1-4C4E-B1C4-E88F3FA363CA}.Release|Any CPU.ActiveCfg = Release|Any CPU
		{F90B552E-A4B1-4C4E-B1C4-E88F3FA363CA}.Release|Any CPU.Build.0 = Release|Any CPU
		{3CB1E068-D961-462B-84AC-50EBD548CBF2}.Debug|Any CPU.ActiveCfg = Debug|Any CPU
		{3CB1E068-D961-462B-84AC-50EBD548CBF2}.Debug|Any CPU.Build.0 = Debug|Any CPU
		{3CB1E068-D961-462B-84AC-50EBD548CBF2}.Release|Any CPU.ActiveCfg = Release|Any CPU
		{3CB1E068-D961-462B-84AC-50EBD548CBF2}.Release|Any CPU.Build.0 = Release|Any CPU
		{D3EF1708-28D3-4F2D-8726-87EB9221486A}.Debug|Any CPU.ActiveCfg = Debug|Any CPU
		{D3EF1708-28D3-4F2D-8726-87EB9221486A}.Debug|Any CPU.Build.0 = Debug|Any CPU
		{D3EF1708-28D3-4F2D-8726-87EB9221486A}.Release|Any CPU.ActiveCfg = Release|Any CPU
		{D3EF1708-28D3-4F2D-8726-87EB9221486A}.Release|Any CPU.Build.0 = Release|Any CPU
		{0734A060-B7DA-4260-B1DB-8493A53097B9}.Debug|Any CPU.ActiveCfg = Debug|Any CPU
		{0734A060-B7DA-4260-B1DB-8493A53097B9}.Debug|Any CPU.Build.0 = Debug|Any CPU
		{0734A060-B7DA-4260-B1DB-8493A53097B9}.Release|Any CPU.ActiveCfg = Release|Any CPU
		{0734A060-B7DA-4260-B1DB-8493A53097B9}.Release|Any CPU.Build.0 = Release|Any CPU
		{8A128586-B688-4092-942D-ECE7DC463435}.Debug|Any CPU.ActiveCfg = Debug|Any CPU
		{8A128586-B688-4092-942D-ECE7DC463435}.Debug|Any CPU.Build.0 = Debug|Any CPU
		{8A128586-B688-4092-942D-ECE7DC463435}.Release|Any CPU.ActiveCfg = Release|Any CPU
		{8A128586-B688-4092-942D-ECE7DC463435}.Release|Any CPU.Build.0 = Release|Any CPU
		{64F488B4-2B89-4371-A29F-4D1BE5AFC929}.Debug|Any CPU.ActiveCfg = Debug|Any CPU
		{64F488B4-2B89-4371-A29F-4D1BE5AFC929}.Debug|Any CPU.Build.0 = Debug|Any CPU
		{64F488B4-2B89-4371-A29F-4D1BE5AFC929}.Release|Any CPU.ActiveCfg = Release|Any CPU
		{64F488B4-2B89-4371-A29F-4D1BE5AFC929}.Release|Any CPU.Build.0 = Release|Any CPU
		{933D141E-4F16-4ECA-802C-0DA9C6A6749A}.Debug|Any CPU.ActiveCfg = Debug|Any CPU
		{933D141E-4F16-4ECA-802C-0DA9C6A6749A}.Debug|Any CPU.Build.0 = Debug|Any CPU
		{933D141E-4F16-4ECA-802C-0DA9C6A6749A}.Release|Any CPU.ActiveCfg = Release|Any CPU
		{933D141E-4F16-4ECA-802C-0DA9C6A6749A}.Release|Any CPU.Build.0 = Release|Any CPU
		{B4E833D7-C4C3-4593-8A0D-89387B52DFD2}.Debug|Any CPU.ActiveCfg = Debug|Any CPU
		{B4E833D7-C4C3-4593-8A0D-89387B52DFD2}.Debug|Any CPU.Build.0 = Debug|Any CPU
		{B4E833D7-C4C3-4593-8A0D-89387B52DFD2}.Release|Any CPU.ActiveCfg = Release|Any CPU
		{B4E833D7-C4C3-4593-8A0D-89387B52DFD2}.Release|Any CPU.Build.0 = Release|Any CPU
		{F0662519-1271-4CED-99FA-32472E3F8707}.Debug|Any CPU.ActiveCfg = Debug|Any CPU
		{F0662519-1271-4CED-99FA-32472E3F8707}.Debug|Any CPU.Build.0 = Debug|Any CPU
		{F0662519-1271-4CED-99FA-32472E3F8707}.Release|Any CPU.ActiveCfg = Release|Any CPU
		{F0662519-1271-4CED-99FA-32472E3F8707}.Release|Any CPU.Build.0 = Release|Any CPU
		{0C2ADBB3-1E4B-4F4C-8AFD-971F77CF2434}.Debug|Any CPU.ActiveCfg = Debug|Any CPU
		{0C2ADBB3-1E4B-4F4C-8AFD-971F77CF2434}.Debug|Any CPU.Build.0 = Debug|Any CPU
		{0C2ADBB3-1E4B-4F4C-8AFD-971F77CF2434}.Release|Any CPU.ActiveCfg = Release|Any CPU
		{0C2ADBB3-1E4B-4F4C-8AFD-971F77CF2434}.Release|Any CPU.Build.0 = Release|Any CPU
		{EACBA7F8-75F3-47A4-8593-539057532EEC}.Debug|Any CPU.ActiveCfg = Debug|Any CPU
		{EACBA7F8-75F3-47A4-8593-539057532EEC}.Debug|Any CPU.Build.0 = Debug|Any CPU
		{EACBA7F8-75F3-47A4-8593-539057532EEC}.Release|Any CPU.ActiveCfg = Release|Any CPU
		{EACBA7F8-75F3-47A4-8593-539057532EEC}.Release|Any CPU.Build.0 = Release|Any CPU
		{7CD29A67-2555-458C-82E7-4FEF91967C5D}.Debug|Any CPU.ActiveCfg = Debug|Any CPU
		{7CD29A67-2555-458C-82E7-4FEF91967C5D}.Debug|Any CPU.Build.0 = Debug|Any CPU
		{7CD29A67-2555-458C-82E7-4FEF91967C5D}.Release|Any CPU.ActiveCfg = Release|Any CPU
		{7CD29A67-2555-458C-82E7-4FEF91967C5D}.Release|Any CPU.Build.0 = Release|Any CPU
		{9D462343-902F-4917-9C08-EB7C8FA2EE1B}.Debug|Any CPU.ActiveCfg = Debug|Any CPU
		{9D462343-902F-4917-9C08-EB7C8FA2EE1B}.Debug|Any CPU.Build.0 = Debug|Any CPU
		{9D462343-902F-4917-9C08-EB7C8FA2EE1B}.Release|Any CPU.ActiveCfg = Release|Any CPU
		{9D462343-902F-4917-9C08-EB7C8FA2EE1B}.Release|Any CPU.Build.0 = Release|Any CPU
		{58081B4E-6214-44EB-A4D3-FD225C7D72DC}.Debug|Any CPU.ActiveCfg = Debug|Any CPU
		{58081B4E-6214-44EB-A4D3-FD225C7D72DC}.Debug|Any CPU.Build.0 = Debug|Any CPU
		{58081B4E-6214-44EB-A4D3-FD225C7D72DC}.Release|Any CPU.ActiveCfg = Release|Any CPU
		{58081B4E-6214-44EB-A4D3-FD225C7D72DC}.Release|Any CPU.Build.0 = Release|Any CPU
		{3AADB385-FE04-40C8-8A24-4F8F89CE16F1}.Debug|Any CPU.ActiveCfg = Debug|Any CPU
		{3AADB385-FE04-40C8-8A24-4F8F89CE16F1}.Debug|Any CPU.Build.0 = Debug|Any CPU
		{3AADB385-FE04-40C8-8A24-4F8F89CE16F1}.Release|Any CPU.ActiveCfg = Release|Any CPU
		{3AADB385-FE04-40C8-8A24-4F8F89CE16F1}.Release|Any CPU.Build.0 = Release|Any CPU
	EndGlobalSection
	GlobalSection(SolutionProperties) = preSolution
		HideSolutionNode = FALSE
	EndGlobalSection
	GlobalSection(NestedProjects) = preSolution
		{49B22F94-4E30-473E-8320-2DD892E821FD} = {BE891192-A70E-4DFE-B2AD-D0C380959801}
		{6D76E96A-7776-417B-AA0A-017BE14FEE64} = {49B22F94-4E30-473E-8320-2DD892E821FD}
		{4E048C4D-2127-4DC2-A016-307A30F451AB} = {BE891192-A70E-4DFE-B2AD-D0C380959801}
		{F90B552E-A4B1-4C4E-B1C4-E88F3FA363CA} = {4E048C4D-2127-4DC2-A016-307A30F451AB}
		{350D835B-F305-40F0-9C76-912A44867352} = {BE891192-A70E-4DFE-B2AD-D0C380959801}
		{7DAF6C48-EBA4-415B-916E-82A6DBD329DF} = {350D835B-F305-40F0-9C76-912A44867352}
		{9027296A-34CC-4D2C-96D8-D9A3496D2B84} = {350D835B-F305-40F0-9C76-912A44867352}
		{85BA7EE8-2A6C-490D-8416-A5CEF81368AF} = {350D835B-F305-40F0-9C76-912A44867352}
		{3CB1E068-D961-462B-84AC-50EBD548CBF2} = {7DAF6C48-EBA4-415B-916E-82A6DBD329DF}
		{D3EF1708-28D3-4F2D-8726-87EB9221486A} = {7DAF6C48-EBA4-415B-916E-82A6DBD329DF}
		{0734A060-B7DA-4260-B1DB-8493A53097B9} = {9027296A-34CC-4D2C-96D8-D9A3496D2B84}
		{8A128586-B688-4092-942D-ECE7DC463435} = {85BA7EE8-2A6C-490D-8416-A5CEF81368AF}
		{64F488B4-2B89-4371-A29F-4D1BE5AFC929} = {F4ED326A-E4FF-4579-9B31-BC803B1111A6}
		{02EA681E-C7D8-13C7-8484-4AC65E1B71E8} = {BE891192-A70E-4DFE-B2AD-D0C380959801}
		{933D141E-4F16-4ECA-802C-0DA9C6A6749A} = {02EA681E-C7D8-13C7-8484-4AC65E1B71E8}
		{B4E833D7-C4C3-4593-8A0D-89387B52DFD2} = {02EA681E-C7D8-13C7-8484-4AC65E1B71E8}
		{F0662519-1271-4CED-99FA-32472E3F8707} = {02EA681E-C7D8-13C7-8484-4AC65E1B71E8}
		{0C2ADBB3-1E4B-4F4C-8AFD-971F77CF2434} = {02EA681E-C7D8-13C7-8484-4AC65E1B71E8}
		{EACBA7F8-75F3-47A4-8593-539057532EEC} = {02EA681E-C7D8-13C7-8484-4AC65E1B71E8}
		{F1A6EE43-2615-4D87-A682-4863D85062F5} = {BE891192-A70E-4DFE-B2AD-D0C380959801}
		{7CD29A67-2555-458C-82E7-4FEF91967C5D} = {F1A6EE43-2615-4D87-A682-4863D85062F5}
		{9D462343-902F-4917-9C08-EB7C8FA2EE1B} = {5C8AFD03-EE77-4B3E-823C-CCD641D09028}
		{58081B4E-6214-44EB-A4D3-FD225C7D72DC} = {5C8AFD03-EE77-4B3E-823C-CCD641D09028}
		{87A28318-E3B0-4D64-9CFE-2A0D173B91D6} = {BE891192-A70E-4DFE-B2AD-D0C380959801}
		{3AADB385-FE04-40C8-8A24-4F8F89CE16F1} = {87A28318-E3B0-4D64-9CFE-2A0D173B91D6}
	EndGlobalSection
	GlobalSection(ExtensibilityGlobals) = postSolution
		SolutionGuid = {675EF04C-D393-48AE-8802-652C261C6055}
	EndGlobalSection
EndGlobal
